
Microsoft Visual Studio Solution File, Format Version 12.00
# Visual Studio Version 16
VisualStudioVersion = 16.0.32901.82
MinimumVisualStudioVersion = 10.0.40219.1
Project("{8BC9CEB8-8B4A-11D0-8D11-00A0C91BC942}") = "Ejemplo4-ListaObjetos", "Ejemplo4-ListaObjetos\Ejemplo4-ListaObjetos.vcxproj", "{B9D2FC2C-DE88-4D27-BE5F-92CDFE0DED78}"
EndProject
Global
	GlobalSection(SolutionConfigurationPlatforms) = preSolution
		Debug|x64 = Debug|x64
		Debug|x86 = Debug|x86
		Release|x64 = Release|x64
		Release|x86 = Release|x86
	EndGlobalSection
	GlobalSection(ProjectConfigurationPlatforms) = postSolution
		{B9D2FC2C-DE88-4D27-BE5F-92CDFE0DED78}.Debug|x64.ActiveCfg = Debug|x64
		{B9D2FC2C-DE88-4D27-BE5F-92CDFE0DED78}.Debug|x64.Build.0 = Debug|x64
		{B9D2FC2C-DE88-4D27-BE5F-92CDFE0DED78}.Debug|x86.ActiveCfg = Debug|Win32
		{B9D2FC2C-DE88-4D27-BE5F-92CDFE0DED78}.Debug|x86.Build.0 = Debug|Win32
		{B9D2FC2C-DE88-4D27-BE5F-92CDFE0DED78}.Release|x64.ActiveCfg = Release|x64
		{B9D2FC2C-DE88-4D27-BE5F-92CDFE0DED78}.Release|x64.Build.0 = Release|x64
		{B9D2FC2C-DE88-4D27-BE5F-92CDFE0DED78}.Release|x86.ActiveCfg = Release|Win32
		{B9D2FC2C-DE88-4D27-BE5F-92CDFE0DED78}.Release|x86.Build.0 = Release|Win32
	EndGlobalSection
	GlobalSection(SolutionProperties) = preSolution
		HideSolutionNode = FALSE
	EndGlobalSection
	GlobalSection(ExtensibilityGlobals) = postSolution
		SolutionGuid = {89A17129-D099-4E95-A5E7-1869522761E5}
	EndGlobalSection
EndGlobal
